
Microsoft Visual Studio Solution File, Format Version 12.00
# Visual Studio 15
VisualStudioVersion = 15.0.27703.2026
MinimumVisualStudioVersion = 10.0.40219.1
Project("{8BC9CEB8-8B4A-11D0-8D11-00A0C91BC942}") = "owoganger", "owoganger\owoganger.vcxproj", "{987A1C73-A13D-44DB-A2FB-A6D922285958}"
EndProject
Project("{2150E333-8FDC-42A3-9474-1A3956D46DE8}") = "Solution Items", "Solution Items", "{012A3199-8A66-4BF7-A52C-8EC7F4C4E731}"
	ProjectSection(SolutionItems) = preProject
		README.md = README.md
	EndProjectSection
EndProject
Global
	GlobalSection(SolutionConfigurationPlatforms) = preSolution
		Debug|x64 = Debug|x64
		Debug|x86 = Debug|x86
		Release|x64 = Release|x64
		Release|x86 = Release|x86
	EndGlobalSection
	GlobalSection(ProjectConfigurationPlatforms) = postSolution
		{987A1C73-A13D-44DB-A2FB-A6D922285958}.Debug|x64.ActiveCfg = Debug|x64
		{987A1C73-A13D-44DB-A2FB-A6D922285958}.Debug|x64.Build.0 = Debug|x64
		{987A1C73-A13D-44DB-A2FB-A6D922285958}.Debug|x86.ActiveCfg = Debug|Win32
		{987A1C73-A13D-44DB-A2FB-A6D922285958}.Debug|x86.Build.0 = Debug|Win32
		{987A1C73-A13D-44DB-A2FB-A6D922285958}.Release|x64.ActiveCfg = Release|x64
		{987A1C73-A13D-44DB-A2FB-A6D922285958}.Release|x64.Build.0 = Release|x64
		{987A1C73-A13D-44DB-A2FB-A6D922285958}.Release|x86.ActiveCfg = Release|Win32
		{987A1C73-A13D-44DB-A2FB-A6D922285958}.Release|x86.Build.0 = Release|Win32
	EndGlobalSection
	GlobalSection(SolutionProperties) = preSolution
		HideSolutionNode = FALSE
	EndGlobalSection
	GlobalSection(ExtensibilityGlobals) = postSolution
		SolutionGuid = {9EB73662-9D86-479E-9A66-A90E334CD70B}
	EndGlobalSection
EndGlobal
